
Microsoft Visual Studio Solution File, Format Version 12.00
# Visual Studio 15
VisualStudioVersion = 15.0.26124.0
MinimumVisualStudioVersion = 15.0.26124.0
Project("{2150E333-8FDC-42A3-9474-1A3956D46DE8}") = "Source", "Source", "{93E2F246-9179-46BC-BDEB-2B4D2114B181}"
EndProject
Project("{FAE04EC0-301F-11D3-BF4B-00C04F79EFBC}") = "Wallet.Domain", "Source\Wallet.Domain\Wallet.Domain.csproj", "{C6191BF5-3143-4E4A-A9FE-DDC74035F96C}"
EndProject
Project("{2150E333-8FDC-42A3-9474-1A3956D46DE8}") = "Tests", "Tests", "{8A9D2CDD-99EB-49B7-8934-9846B98AC88B}"
EndProject
Project("{FAE04EC0-301F-11D3-BF4B-00C04F79EFBC}") = "Wallet.UnitTest", "Tests\Wallet.UnitTest\Wallet.UnitTest.csproj", "{E45940A5-96B5-48C6-A150-CEBC8B24816A}"
EndProject
Global
	GlobalSection(SolutionConfigurationPlatforms) = preSolution
		Debug|Any CPU = Debug|Any CPU
		Debug|x64 = Debug|x64
		Debug|x86 = Debug|x86
		Release|Any CPU = Release|Any CPU
		Release|x64 = Release|x64
		Release|x86 = Release|x86
	EndGlobalSection
	GlobalSection(SolutionProperties) = preSolution
		HideSolutionNode = FALSE
	EndGlobalSection
	GlobalSection(ProjectConfigurationPlatforms) = postSolution
		{C6191BF5-3143-4E4A-A9FE-DDC74035F96C}.Debug|Any CPU.ActiveCfg = Debug|Any CPU
		{C6191BF5-3143-4E4A-A9FE-DDC74035F96C}.Debug|Any CPU.Build.0 = Debug|Any CPU
		{C6191BF5-3143-4E4A-A9FE-DDC74035F96C}.Debug|x64.ActiveCfg = Debug|Any CPU
		{C6191BF5-3143-4E4A-A9FE-DDC74035F96C}.Debug|x64.Build.0 = Debug|Any CPU
		{C6191BF5-3143-4E4A-A9FE-DDC74035F96C}.Debug|x86.ActiveCfg = Debug|Any CPU
		{C6191BF5-3143-4E4A-A9FE-DDC74035F96C}.Debug|x86.Build.0 = Debug|Any CPU
		{C6191BF5-3143-4E4A-A9FE-DDC74035F96C}.Release|Any CPU.ActiveCfg = Release|Any CPU
		{C6191BF5-3143-4E4A-A9FE-DDC74035F96C}.Release|Any CPU.Build.0 = Release|Any CPU
		{C6191BF5-3143-4E4A-A9FE-DDC74035F96C}.Release|x64.ActiveCfg = Release|Any CPU
		{C6191BF5-3143-4E4A-A9FE-DDC74035F96C}.Release|x64.Build.0 = Release|Any CPU
		{C6191BF5-3143-4E4A-A9FE-DDC74035F96C}.Release|x86.ActiveCfg = Release|Any CPU
		{C6191BF5-3143-4E4A-A9FE-DDC74035F96C}.Release|x86.Build.0 = Release|Any CPU
		{E45940A5-96B5-48C6-A150-CEBC8B24816A}.Debug|Any CPU.ActiveCfg = Debug|Any CPU
		{E45940A5-96B5-48C6-A150-CEBC8B24816A}.Debug|Any CPU.Build.0 = Debug|Any CPU
		{E45940A5-96B5-48C6-A150-CEBC8B24816A}.Debug|x64.ActiveCfg = Debug|Any CPU
		{E45940A5-96B5-48C6-A150-CEBC8B24816A}.Debug|x64.Build.0 = Debug|Any CPU
		{E45940A5-96B5-48C6-A150-CEBC8B24816A}.Debug|x86.ActiveCfg = Debug|Any CPU
		{E45940A5-96B5-48C6-A150-CEBC8B24816A}.Debug|x86.Build.0 = Debug|Any CPU
		{E45940A5-96B5-48C6-A150-CEBC8B24816A}.Release|Any CPU.ActiveCfg = Release|Any CPU
		{E45940A5-96B5-48C6-A150-CEBC8B24816A}.Release|Any CPU.Build.0 = Release|Any CPU
		{E45940A5-96B5-48C6-A150-CEBC8B24816A}.Release|x64.ActiveCfg = Release|Any CPU
		{E45940A5-96B5-48C6-A150-CEBC8B24816A}.Release|x64.Build.0 = Release|Any CPU
		{E45940A5-96B5-48C6-A150-CEBC8B24816A}.Release|x86.ActiveCfg = Release|Any CPU
		{E45940A5-96B5-48C6-A150-CEBC8B24816A}.Release|x86.Build.0 = Release|Any CPU
	EndGlobalSection
	GlobalSection(NestedProjects) = preSolution
		{C6191BF5-3143-4E4A-A9FE-DDC74035F96C} = {93E2F246-9179-46BC-BDEB-2B4D2114B181}
		{E45940A5-96B5-48C6-A150-CEBC8B24816A} = {8A9D2CDD-99EB-49B7-8934-9846B98AC88B}
	EndGlobalSection
EndGlobal
